
Microsoft Visual Studio Solution File, Format Version 12.00
# Visual Studio Version 17
VisualStudioVersion = 17.11.35312.102
MinimumVisualStudioVersion = 10.0.40219.1
Project("{9A19103F-16F7-4668-BE54-9A1E7A4F7556}") = "01-FirstApp", "01-FirstApp\01-FirstApp.csproj", "{03081224-0A1B-4C6D-9212-31A47476519E}"
EndProject
Project("{9A19103F-16F7-4668-BE54-9A1E7A4F7556}") = "02-Variables", "02-Variables\02-Variables.csproj", "{6C522914-84EA-4CF2-AF12-D614C205A189}"
EndProject
Project("{9A19103F-16F7-4668-BE54-9A1E7A4F7556}") = "03-DegiskenlerAnonimTipler", "03-DegiskenlerAnonimTipler\03-DegiskenlerAnonimTipler.csproj", "{7D8A5469-F9E5-4B2C-B063-E198911D9689}"
EndProject
Project("{9A19103F-16F7-4668-BE54-9A1E7A4F7556}") = "04-Operators", "04-Operators\04-Operators.csproj", "{B0EBEEB4-21E7-4142-8494-A55B646DC49D}"
EndProject
Project("{9A19103F-16F7-4668-BE54-9A1E7A4F7556}") = "05-TypeCasting", "05-TypeCasting\05-TypeCasting.csproj", "{FD1A4F2D-98C2-4B69-88FB-E92A581F9C4B}"
EndProject
Project("{9A19103F-16F7-4668-BE54-9A1E7A4F7556}") = "06-TypeCastingLAB", "06-TypeCastingLAB\06-TypeCastingLAB.csproj", "{EEE062B7-A4F5-4536-9D6A-EF3658A24D04}"
EndProject
Project("{9A19103F-16F7-4668-BE54-9A1E7A4F7556}") = "07-HataYonetimi", "07-HataYonetimi\07-HataYonetimi.csproj", "{FF911DC1-0DE5-44F9-90D6-D9385F20B7E4}"
EndProject
Project("{9A19103F-16F7-4668-BE54-9A1E7A4F7556}") = "08-KararYapilari", "08-KararYapilari\08-KararYapilari.csproj", "{AE53C8B1-D869-4A0D-9991-45CE4A4DD6C2}"
EndProject
Project("{9A19103F-16F7-4668-BE54-9A1E7A4F7556}") = "09-KararYapılarıTernaryIf", "09-KararYapılarıTernaryIf\09-KararYapılarıTernaryIf.csproj", "{87EF7442-3E68-4F9B-A2A2-E2E146CB04CD}"
EndProject
Project("{9A19103F-16F7-4668-BE54-9A1E7A4F7556}") = "10-KararYapilariSwitchCase", "10-KararYapilariSwitchCase\10-KararYapilariSwitchCase.csproj", "{E4583107-8111-4A89-A894-2D8E5A63C328}"
EndProject
Project("{9A19103F-16F7-4668-BE54-9A1E7A4F7556}") = "11-DongulerForDongusu", "11-DongulerForDongusu\11-DongulerForDongusu.csproj", "{76460547-9825-4913-994D-ADEB0E922C22}"
EndProject
Project("{9A19103F-16F7-4668-BE54-9A1E7A4F7556}") = "12-DongulerWhileDongusu", "12-DongulerWhileDongusu\12-DongulerWhileDongusu.csproj", "{C60FAF76-1FF9-4FC9-BAFD-095215470BFA}"
EndProject
Project("{FAE04EC0-301F-11D3-BF4B-00C04F79EFBC}") = "13-DongulerDoWhileDongusu", "13-DongulerDoWhileDongusu\13-DongulerDoWhileDongusu.csproj", "{C01E125A-E50C-41B8-B8C8-C348E89C3AFC}"
EndProject
Project("{FAE04EC0-301F-11D3-BF4B-00C04F79EFBC}") = "14-LABHesapMakinesi", "14-LABHesapMakinesi\14-LABHesapMakinesi.csproj", "{246AB73E-D630-4D9A-B8E6-A145A3DDD8BC}"
EndProject
Project("{FAE04EC0-301F-11D3-BF4B-00C04F79EFBC}") = "15-LABSayiTahmin", "15-LABSayiTahmin\15-LABSayiTahmin.csproj", "{6ECC0E56-B84D-42EE-946B-204FD8002D8A}"
EndProject
Project("{FAE04EC0-301F-11D3-BF4B-00C04F79EFBC}") = "16-LABAsalSayi", "16-LABAsalSayi\16-LABAsalSayi.csproj", "{B6115641-D8AF-46E0-95CE-1062EDC9372D}"
EndProject
Project("{FAE04EC0-301F-11D3-BF4B-00C04F79EFBC}") = "17-AtlamaOperatorleri", "17-AtlamaOperatorleri\17-AtlamaOperatorleri.csproj", "{A872B751-9870-4A7D-8BD7-82394622788E}"
EndProject
Project("{FAE04EC0-301F-11D3-BF4B-00C04F79EFBC}") = "18-Diziler", "18-Diziler\18-Diziler.csproj", "{393A73A8-39CE-4D61-B0AC-20E9C8481648}"
EndProject
Project("{FAE04EC0-301F-11D3-BF4B-00C04F79EFBC}") = "19-DiziOzellikleriveMetotları", "19-DiziOzellikleriveMetotları\19-DiziOzellikleriveMetotları.csproj", "{C9B02E68-EC8F-4264-8A45-B6BEC675138C}"
EndProject
Project("{FAE04EC0-301F-11D3-BF4B-00C04F79EFBC}") = "20-List", "20-List\20-List.csproj", "{D2B6EBC1-224A-4A17-8FE8-6317758B981A}"
EndProject
Project("{FAE04EC0-301F-11D3-BF4B-00C04F79EFBC}") = "21-DiziListLAB", "21-DiziListLAB\21-DiziListLAB.csproj", "{4A53670C-F0A9-497D-8FE8-7C376CAE29C1}"
EndProject
Project("{FAE04EC0-301F-11D3-BF4B-00C04F79EFBC}") = "22-ArrayList", "22-ArrayList\22-ArrayList.csproj", "{F283E622-02B8-4E71-9864-3418914BD717}"
EndProject
Project("{FAE04EC0-301F-11D3-BF4B-00C04F79EFBC}") = "23-BuiltInFunctionString", "23-BuiltInFunctionString\23-BuiltInFunctionString.csproj", "{D40DC488-0CDD-4B48-B4D7-B7405FA4747E}"
EndProject
Project("{FAE04EC0-301F-11D3-BF4B-00C04F79EFBC}") = "24-BuiltInFunctionMath", "24-BuiltInFunctionMath\24-BuiltInFunctionMath.csproj", "{5EAB5E67-8647-410B-94AF-13C82103840A}"
EndProject
Global
	GlobalSection(SolutionConfigurationPlatforms) = preSolution
		Debug|Any CPU = Debug|Any CPU
		Release|Any CPU = Release|Any CPU
	EndGlobalSection
	GlobalSection(ProjectConfigurationPlatforms) = postSolution
		{03081224-0A1B-4C6D-9212-31A47476519E}.Debug|Any CPU.ActiveCfg = Debug|Any CPU
		{03081224-0A1B-4C6D-9212-31A47476519E}.Debug|Any CPU.Build.0 = Debug|Any CPU
		{03081224-0A1B-4C6D-9212-31A47476519E}.Release|Any CPU.ActiveCfg = Release|Any CPU
		{03081224-0A1B-4C6D-9212-31A47476519E}.Release|Any CPU.Build.0 = Release|Any CPU
		{6C522914-84EA-4CF2-AF12-D614C205A189}.Debug|Any CPU.ActiveCfg = Debug|Any CPU
		{6C522914-84EA-4CF2-AF12-D614C205A189}.Debug|Any CPU.Build.0 = Debug|Any CPU
		{6C522914-84EA-4CF2-AF12-D614C205A189}.Release|Any CPU.ActiveCfg = Release|Any CPU
		{6C522914-84EA-4CF2-AF12-D614C205A189}.Release|Any CPU.Build.0 = Release|Any CPU
		{7D8A5469-F9E5-4B2C-B063-E198911D9689}.Debug|Any CPU.ActiveCfg = Debug|Any CPU
		{7D8A5469-F9E5-4B2C-B063-E198911D9689}.Debug|Any CPU.Build.0 = Debug|Any CPU
		{7D8A5469-F9E5-4B2C-B063-E198911D9689}.Release|Any CPU.ActiveCfg = Release|Any CPU
		{7D8A5469-F9E5-4B2C-B063-E198911D9689}.Release|Any CPU.Build.0 = Release|Any CPU
		{B0EBEEB4-21E7-4142-8494-A55B646DC49D}.Debug|Any CPU.ActiveCfg = Debug|Any CPU
		{B0EBEEB4-21E7-4142-8494-A55B646DC49D}.Debug|Any CPU.Build.0 = Debug|Any CPU
		{B0EBEEB4-21E7-4142-8494-A55B646DC49D}.Release|Any CPU.ActiveCfg = Release|Any CPU
		{B0EBEEB4-21E7-4142-8494-A55B646DC49D}.Release|Any CPU.Build.0 = Release|Any CPU
		{FD1A4F2D-98C2-4B69-88FB-E92A581F9C4B}.Debug|Any CPU.ActiveCfg = Debug|Any CPU
		{FD1A4F2D-98C2-4B69-88FB-E92A581F9C4B}.Debug|Any CPU.Build.0 = Debug|Any CPU
		{FD1A4F2D-98C2-4B69-88FB-E92A581F9C4B}.Release|Any CPU.ActiveCfg = Release|Any CPU
		{FD1A4F2D-98C2-4B69-88FB-E92A581F9C4B}.Release|Any CPU.Build.0 = Release|Any CPU
		{EEE062B7-A4F5-4536-9D6A-EF3658A24D04}.Debug|Any CPU.ActiveCfg = Debug|Any CPU
		{EEE062B7-A4F5-4536-9D6A-EF3658A24D04}.Debug|Any CPU.Build.0 = Debug|Any CPU
		{EEE062B7-A4F5-4536-9D6A-EF3658A24D04}.Release|Any CPU.ActiveCfg = Release|Any CPU
		{EEE062B7-A4F5-4536-9D6A-EF3658A24D04}.Release|Any CPU.Build.0 = Release|Any CPU
		{FF911DC1-0DE5-44F9-90D6-D9385F20B7E4}.Debug|Any CPU.ActiveCfg = Debug|Any CPU
		{FF911DC1-0DE5-44F9-90D6-D9385F20B7E4}.Debug|Any CPU.Build.0 = Debug|Any CPU
		{FF911DC1-0DE5-44F9-90D6-D9385F20B7E4}.Release|Any CPU.ActiveCfg = Release|Any CPU
		{FF911DC1-0DE5-44F9-90D6-D9385F20B7E4}.Release|Any CPU.Build.0 = Release|Any CPU
		{AE53C8B1-D869-4A0D-9991-45CE4A4DD6C2}.Debug|Any CPU.ActiveCfg = Debug|Any CPU
		{AE53C8B1-D869-4A0D-9991-45CE4A4DD6C2}.Debug|Any CPU.Build.0 = Debug|Any CPU
		{AE53C8B1-D869-4A0D-9991-45CE4A4DD6C2}.Release|Any CPU.ActiveCfg = Release|Any CPU
		{AE53C8B1-D869-4A0D-9991-45CE4A4DD6C2}.Release|Any CPU.Build.0 = Release|Any CPU
		{87EF7442-3E68-4F9B-A2A2-E2E146CB04CD}.Debug|Any CPU.ActiveCfg = Debug|Any CPU
		{87EF7442-3E68-4F9B-A2A2-E2E146CB04CD}.Debug|Any CPU.Build.0 = Debug|Any CPU
		{87EF7442-3E68-4F9B-A2A2-E2E146CB04CD}.Release|Any CPU.ActiveCfg = Release|Any CPU
		{87EF7442-3E68-4F9B-A2A2-E2E146CB04CD}.Release|Any CPU.Build.0 = Release|Any CPU
		{E4583107-8111-4A89-A894-2D8E5A63C328}.Debug|Any CPU.ActiveCfg = Debug|Any CPU
		{E4583107-8111-4A89-A894-2D8E5A63C328}.Debug|Any CPU.Build.0 = Debug|Any CPU
		{E4583107-8111-4A89-A894-2D8E5A63C328}.Release|Any CPU.ActiveCfg = Release|Any CPU
		{E4583107-8111-4A89-A894-2D8E5A63C328}.Release|Any CPU.Build.0 = Release|Any CPU
		{76460547-9825-4913-994D-ADEB0E922C22}.Debug|Any CPU.ActiveCfg = Debug|Any CPU
		{76460547-9825-4913-994D-ADEB0E922C22}.Debug|Any CPU.Build.0 = Debug|Any CPU
		{76460547-9825-4913-994D-ADEB0E922C22}.Release|Any CPU.ActiveCfg = Release|Any CPU
		{76460547-9825-4913-994D-ADEB0E922C22}.Release|Any CPU.Build.0 = Release|Any CPU
		{C60FAF76-1FF9-4FC9-BAFD-095215470BFA}.Debug|Any CPU.ActiveCfg = Debug|Any CPU
		{C60FAF76-1FF9-4FC9-BAFD-095215470BFA}.Debug|Any CPU.Build.0 = Debug|Any CPU
		{C60FAF76-1FF9-4FC9-BAFD-095215470BFA}.Release|Any CPU.ActiveCfg = Release|Any CPU
		{C60FAF76-1FF9-4FC9-BAFD-095215470BFA}.Release|Any CPU.Build.0 = Release|Any CPU
		{C01E125A-E50C-41B8-B8C8-C348E89C3AFC}.Debug|Any CPU.ActiveCfg = Debug|Any CPU
		{C01E125A-E50C-41B8-B8C8-C348E89C3AFC}.Debug|Any CPU.Build.0 = Debug|Any CPU
		{C01E125A-E50C-41B8-B8C8-C348E89C3AFC}.Release|Any CPU.ActiveCfg = Release|Any CPU
		{C01E125A-E50C-41B8-B8C8-C348E89C3AFC}.Release|Any CPU.Build.0 = Release|Any CPU
		{246AB73E-D630-4D9A-B8E6-A145A3DDD8BC}.Debug|Any CPU.ActiveCfg = Debug|Any CPU
		{246AB73E-D630-4D9A-B8E6-A145A3DDD8BC}.Debug|Any CPU.Build.0 = Debug|Any CPU
		{246AB73E-D630-4D9A-B8E6-A145A3DDD8BC}.Release|Any CPU.ActiveCfg = Release|Any CPU
		{246AB73E-D630-4D9A-B8E6-A145A3DDD8BC}.Release|Any CPU.Build.0 = Release|Any CPU
		{6ECC0E56-B84D-42EE-946B-204FD8002D8A}.Debug|Any CPU.ActiveCfg = Debug|Any CPU
		{6ECC0E56-B84D-42EE-946B-204FD8002D8A}.Debug|Any CPU.Build.0 = Debug|Any CPU
		{6ECC0E56-B84D-42EE-946B-204FD8002D8A}.Release|Any CPU.ActiveCfg = Release|Any CPU
		{6ECC0E56-B84D-42EE-946B-204FD8002D8A}.Release|Any CPU.Build.0 = Release|Any CPU
		{B6115641-D8AF-46E0-95CE-1062EDC9372D}.Debug|Any CPU.ActiveCfg = Debug|Any CPU
		{B6115641-D8AF-46E0-95CE-1062EDC9372D}.Debug|Any CPU.Build.0 = Debug|Any CPU
		{B6115641-D8AF-46E0-95CE-1062EDC9372D}.Release|Any CPU.ActiveCfg = Release|Any CPU
		{B6115641-D8AF-46E0-95CE-1062EDC9372D}.Release|Any CPU.Build.0 = Release|Any CPU
		{A872B751-9870-4A7D-8BD7-82394622788E}.Debug|Any CPU.ActiveCfg = Debug|Any CPU
		{A872B751-9870-4A7D-8BD7-82394622788E}.Debug|Any CPU.Build.0 = Debug|Any CPU
		{A872B751-9870-4A7D-8BD7-82394622788E}.Release|Any CPU.ActiveCfg = Release|Any CPU
		{A872B751-9870-4A7D-8BD7-82394622788E}.Release|Any CPU.Build.0 = Release|Any CPU
		{393A73A8-39CE-4D61-B0AC-20E9C8481648}.Debug|Any CPU.ActiveCfg = Debug|Any CPU
		{393A73A8-39CE-4D61-B0AC-20E9C8481648}.Debug|Any CPU.Build.0 = Debug|Any CPU
		{393A73A8-39CE-4D61-B0AC-20E9C8481648}.Release|Any CPU.ActiveCfg = Release|Any CPU
		{393A73A8-39CE-4D61-B0AC-20E9C8481648}.Release|Any CPU.Build.0 = Release|Any CPU
		{C9B02E68-EC8F-4264-8A45-B6BEC675138C}.Debug|Any CPU.ActiveCfg = Debug|Any CPU
		{C9B02E68-EC8F-4264-8A45-B6BEC675138C}.Debug|Any CPU.Build.0 = Debug|Any CPU
		{C9B02E68-EC8F-4264-8A45-B6BEC675138C}.Release|Any CPU.ActiveCfg = Release|Any CPU
		{C9B02E68-EC8F-4264-8A45-B6BEC675138C}.Release|Any CPU.Build.0 = Release|Any CPU
		{D2B6EBC1-224A-4A17-8FE8-6317758B981A}.Debug|Any CPU.ActiveCfg = Debug|Any CPU
		{D2B6EBC1-224A-4A17-8FE8-6317758B981A}.Debug|Any CPU.Build.0 = Debug|Any CPU
		{D2B6EBC1-224A-4A17-8FE8-6317758B981A}.Release|Any CPU.ActiveCfg = Release|Any CPU
		{D2B6EBC1-224A-4A17-8FE8-6317758B981A}.Release|Any CPU.Build.0 = Release|Any CPU
		{4A53670C-F0A9-497D-8FE8-7C376CAE29C1}.Debug|Any CPU.ActiveCfg = Debug|Any CPU
		{4A53670C-F0A9-497D-8FE8-7C376CAE29C1}.Debug|Any CPU.Build.0 = Debug|Any CPU
		{4A53670C-F0A9-497D-8FE8-7C376CAE29C1}.Release|Any CPU.ActiveCfg = Release|Any CPU
		{4A53670C-F0A9-497D-8FE8-7C376CAE29C1}.Release|Any CPU.Build.0 = Release|Any CPU
		{F283E622-02B8-4E71-9864-3418914BD717}.Debug|Any CPU.ActiveCfg = Debug|Any CPU
		{F283E622-02B8-4E71-9864-3418914BD717}.Debug|Any CPU.Build.0 = Debug|Any CPU
		{F283E622-02B8-4E71-9864-3418914BD717}.Release|Any CPU.ActiveCfg = Release|Any CPU
		{F283E622-02B8-4E71-9864-3418914BD717}.Release|Any CPU.Build.0 = Release|Any CPU
		{D40DC488-0CDD-4B48-B4D7-B7405FA4747E}.Debug|Any CPU.ActiveCfg = Debug|Any CPU
		{D40DC488-0CDD-4B48-B4D7-B7405FA4747E}.Debug|Any CPU.Build.0 = Debug|Any CPU
		{D40DC488-0CDD-4B48-B4D7-B7405FA4747E}.Release|Any CPU.ActiveCfg = Release|Any CPU
		{D40DC488-0CDD-4B48-B4D7-B7405FA4747E}.Release|Any CPU.Build.0 = Release|Any CPU
		{5EAB5E67-8647-410B-94AF-13C82103840A}.Debug|Any CPU.ActiveCfg = Debug|Any CPU
		{5EAB5E67-8647-410B-94AF-13C82103840A}.Debug|Any CPU.Build.0 = Debug|Any CPU
		{5EAB5E67-8647-410B-94AF-13C82103840A}.Release|Any CPU.ActiveCfg = Release|Any CPU
		{5EAB5E67-8647-410B-94AF-13C82103840A}.Release|Any CPU.Build.0 = Release|Any CPU
	EndGlobalSection
	GlobalSection(SolutionProperties) = preSolution
		HideSolutionNode = FALSE
	EndGlobalSection
	GlobalSection(ExtensibilityGlobals) = postSolution
		SolutionGuid = {93A9A637-C51E-43EA-9797-15CD0DDBAA86}
	EndGlobalSection
EndGlobal
