
Microsoft Visual Studio Solution File, Format Version 12.00
# Visual Studio Version 17
VisualStudioVersion = 17.11.35312.102
MinimumVisualStudioVersion = 10.0.40219.1
Project("{9A19103F-16F7-4668-BE54-9A1E7A4F7556}") = "01-FirstApp", "01-FirstApp\01-FirstApp.csproj", "{03081224-0A1B-4C6D-9212-31A47476519E}"
EndProject
Project("{9A19103F-16F7-4668-BE54-9A1E7A4F7556}") = "02-Variables", "02-Variables\02-Variables.csproj", "{6C522914-84EA-4CF2-AF12-D614C205A189}"
EndProject
Project("{9A19103F-16F7-4668-BE54-9A1E7A4F7556}") = "03-DegiskenlerAnonimTipler", "03-DegiskenlerAnonimTipler\03-DegiskenlerAnonimTipler.csproj", "{7D8A5469-F9E5-4B2C-B063-E198911D9689}"
EndProject
Project("{9A19103F-16F7-4668-BE54-9A1E7A4F7556}") = "04-Operators", "04-Operators\04-Operators.csproj", "{B0EBEEB4-21E7-4142-8494-A55B646DC49D}"
EndProject
Project("{9A19103F-16F7-4668-BE54-9A1E7A4F7556}") = "05-TypeCasting", "05-TypeCasting\05-TypeCasting.csproj", "{FD1A4F2D-98C2-4B69-88FB-E92A581F9C4B}"
EndProject
Project("{9A19103F-16F7-4668-BE54-9A1E7A4F7556}") = "06-TypeCastingLAB", "06-TypeCastingLAB\06-TypeCastingLAB.csproj", "{EEE062B7-A4F5-4536-9D6A-EF3658A24D04}"
EndProject
Project("{FAE04EC0-301F-11D3-BF4B-00C04F79EFBC}") = "07-HataYonetimi", "07-HataYonetimi\07-HataYonetimi.csproj", "{FF911DC1-0DE5-44F9-90D6-D9385F20B7E4}"
EndProject
Project("{FAE04EC0-301F-11D3-BF4B-00C04F79EFBC}") = "08-KararYapilari", "08-KararYapilari\08-KararYapilari.csproj", "{AE53C8B1-D869-4A0D-9991-45CE4A4DD6C2}"
EndProject
Project("{FAE04EC0-301F-11D3-BF4B-00C04F79EFBC}") = "09-KararYapılarıTernaryIf", "09-KararYapılarıTernaryIf\09-KararYapılarıTernaryIf.csproj", "{87EF7442-3E68-4F9B-A2A2-E2E146CB04CD}"
EndProject
Project("{FAE04EC0-301F-11D3-BF4B-00C04F79EFBC}") = "10-KararYapilariSwitchCase", "10-KararYapilariSwitchCase\10-KararYapilariSwitchCase.csproj", "{E4583107-8111-4A89-A894-2D8E5A63C328}"
EndProject
Global
	GlobalSection(SolutionConfigurationPlatforms) = preSolution
		Debug|Any CPU = Debug|Any CPU
		Release|Any CPU = Release|Any CPU
	EndGlobalSection
	GlobalSection(ProjectConfigurationPlatforms) = postSolution
		{03081224-0A1B-4C6D-9212-31A47476519E}.Debug|Any CPU.ActiveCfg = Debug|Any CPU
		{03081224-0A1B-4C6D-9212-31A47476519E}.Debug|Any CPU.Build.0 = Debug|Any CPU
		{03081224-0A1B-4C6D-9212-31A47476519E}.Release|Any CPU.ActiveCfg = Release|Any CPU
		{03081224-0A1B-4C6D-9212-31A47476519E}.Release|Any CPU.Build.0 = Release|Any CPU
		{6C522914-84EA-4CF2-AF12-D614C205A189}.Debug|Any CPU.ActiveCfg = Debug|Any CPU
		{6C522914-84EA-4CF2-AF12-D614C205A189}.Debug|Any CPU.Build.0 = Debug|Any CPU
		{6C522914-84EA-4CF2-AF12-D614C205A189}.Release|Any CPU.ActiveCfg = Release|Any CPU
		{6C522914-84EA-4CF2-AF12-D614C205A189}.Release|Any CPU.Build.0 = Release|Any CPU
		{7D8A5469-F9E5-4B2C-B063-E198911D9689}.Debug|Any CPU.ActiveCfg = Debug|Any CPU
		{7D8A5469-F9E5-4B2C-B063-E198911D9689}.Debug|Any CPU.Build.0 = Debug|Any CPU
		{7D8A5469-F9E5-4B2C-B063-E198911D9689}.Release|Any CPU.ActiveCfg = Release|Any CPU
		{7D8A5469-F9E5-4B2C-B063-E198911D9689}.Release|Any CPU.Build.0 = Release|Any CPU
		{B0EBEEB4-21E7-4142-8494-A55B646DC49D}.Debug|Any CPU.ActiveCfg = Debug|Any CPU
		{B0EBEEB4-21E7-4142-8494-A55B646DC49D}.Debug|Any CPU.Build.0 = Debug|Any CPU
		{B0EBEEB4-21E7-4142-8494-A55B646DC49D}.Release|Any CPU.ActiveCfg = Release|Any CPU
		{B0EBEEB4-21E7-4142-8494-A55B646DC49D}.Release|Any CPU.Build.0 = Release|Any CPU
		{FD1A4F2D-98C2-4B69-88FB-E92A581F9C4B}.Debug|Any CPU.ActiveCfg = Debug|Any CPU
		{FD1A4F2D-98C2-4B69-88FB-E92A581F9C4B}.Debug|Any CPU.Build.0 = Debug|Any CPU
		{FD1A4F2D-98C2-4B69-88FB-E92A581F9C4B}.Release|Any CPU.ActiveCfg = Release|Any CPU
		{FD1A4F2D-98C2-4B69-88FB-E92A581F9C4B}.Release|Any CPU.Build.0 = Release|Any CPU
		{EEE062B7-A4F5-4536-9D6A-EF3658A24D04}.Debug|Any CPU.ActiveCfg = Debug|Any CPU
		{EEE062B7-A4F5-4536-9D6A-EF3658A24D04}.Debug|Any CPU.Build.0 = Debug|Any CPU
		{EEE062B7-A4F5-4536-9D6A-EF3658A24D04}.Release|Any CPU.ActiveCfg = Release|Any CPU
		{EEE062B7-A4F5-4536-9D6A-EF3658A24D04}.Release|Any CPU.Build.0 = Release|Any CPU
		{FF911DC1-0DE5-44F9-90D6-D9385F20B7E4}.Debug|Any CPU.ActiveCfg = Debug|Any CPU
		{FF911DC1-0DE5-44F9-90D6-D9385F20B7E4}.Debug|Any CPU.Build.0 = Debug|Any CPU
		{FF911DC1-0DE5-44F9-90D6-D9385F20B7E4}.Release|Any CPU.ActiveCfg = Release|Any CPU
		{FF911DC1-0DE5-44F9-90D6-D9385F20B7E4}.Release|Any CPU.Build.0 = Release|Any CPU
		{AE53C8B1-D869-4A0D-9991-45CE4A4DD6C2}.Debug|Any CPU.ActiveCfg = Debug|Any CPU
		{AE53C8B1-D869-4A0D-9991-45CE4A4DD6C2}.Debug|Any CPU.Build.0 = Debug|Any CPU
		{AE53C8B1-D869-4A0D-9991-45CE4A4DD6C2}.Release|Any CPU.ActiveCfg = Release|Any CPU
		{AE53C8B1-D869-4A0D-9991-45CE4A4DD6C2}.Release|Any CPU.Build.0 = Release|Any CPU
		{87EF7442-3E68-4F9B-A2A2-E2E146CB04CD}.Debug|Any CPU.ActiveCfg = Debug|Any CPU
		{87EF7442-3E68-4F9B-A2A2-E2E146CB04CD}.Debug|Any CPU.Build.0 = Debug|Any CPU
		{87EF7442-3E68-4F9B-A2A2-E2E146CB04CD}.Release|Any CPU.ActiveCfg = Release|Any CPU
		{87EF7442-3E68-4F9B-A2A2-E2E146CB04CD}.Release|Any CPU.Build.0 = Release|Any CPU
		{E4583107-8111-4A89-A894-2D8E5A63C328}.Debug|Any CPU.ActiveCfg = Debug|Any CPU
		{E4583107-8111-4A89-A894-2D8E5A63C328}.Debug|Any CPU.Build.0 = Debug|Any CPU
		{E4583107-8111-4A89-A894-2D8E5A63C328}.Release|Any CPU.ActiveCfg = Release|Any CPU
		{E4583107-8111-4A89-A894-2D8E5A63C328}.Release|Any CPU.Build.0 = Release|Any CPU
	EndGlobalSection
	GlobalSection(SolutionProperties) = preSolution
		HideSolutionNode = FALSE
	EndGlobalSection
	GlobalSection(ExtensibilityGlobals) = postSolution
		SolutionGuid = {93A9A637-C51E-43EA-9797-15CD0DDBAA86}
	EndGlobalSection
EndGlobal
